
Microsoft Visual Studio Solution File, Format Version 12.00
# Visual Studio Version 17
VisualStudioVersion = 17.9.34723.18
MinimumVisualStudioVersion = 10.0.40219.1
Project("{FAE04EC0-301F-11D3-BF4B-00C04F79EFBC}") = "DemoWebservice", "DemoWebservice.csproj", "{4D3DC4DD-CF57-4368-94C5-D1FF94AA2F55}"
EndProject
Global
	GlobalSection(SolutionConfigurationPlatforms) = preSolution
		Debug|Any CPU = Debug|Any CPU
		Release|Any CPU = Release|Any CPU
	EndGlobalSection
	GlobalSection(ProjectConfigurationPlatforms) = postSolution
		{4D3DC4DD-CF57-4368-94C5-D1FF94AA2F55}.Debug|Any CPU.ActiveCfg = Debug|Any CPU
		{4D3DC4DD-CF57-4368-94C5-D1FF94AA2F55}.Debug|Any CPU.Build.0 = Debug|Any CPU
		{4D3DC4DD-CF57-4368-94C5-D1FF94AA2F55}.Release|Any CPU.ActiveCfg = Release|Any CPU
		{4D3DC4DD-CF57-4368-94C5-D1FF94AA2F55}.Release|Any CPU.Build.0 = Release|Any CPU
	EndGlobalSection
	GlobalSection(SolutionProperties) = preSolution
		HideSolutionNode = FALSE
	EndGlobalSection
	GlobalSection(ExtensibilityGlobals) = postSolution
		SolutionGuid = {72CBE528-F3F8-4B9D-8671-59C69B7C17BF}
	EndGlobalSection
EndGlobal
